// !$*UTF8*$!
{
	archiveVersion = 1;
	classes = {
	};
	objectVersion = 50;
	objects = {

/* Begin PBXBuildFile section */
		202EDA36236CD73100A1419D /* AppDelegate.swift in Sources */ = {isa = PBXBuildFile; fileRef = 202EDA35236CD73100A1419D /* AppDelegate.swift */; };
		202EDA38236CD73100A1419D /* SceneDelegate.swift in Sources */ = {isa = PBXBuildFile; fileRef = 202EDA37236CD73100A1419D /* SceneDelegate.swift */; };
		202EDA3A236CD73100A1419D /* ViewController.swift in Sources */ = {isa = PBXBuildFile; fileRef = 202EDA39236CD73100A1419D /* ViewController.swift */; };
		202EDA3D236CD73100A1419D /* Main.storyboard in Resources */ = {isa = PBXBuildFile; fileRef = 202EDA3B236CD73100A1419D /* Main.storyboard */; };
		202EDA3F236CD73300A1419D /* Assets.xcassets in Resources */ = {isa = PBXBuildFile; fileRef = 202EDA3E236CD73300A1419D /* Assets.xcassets */; };
		202EDA42236CD73300A1419D /* LaunchScreen.storyboard in Resources */ = {isa = PBXBuildFile; fileRef = 202EDA40236CD73300A1419D /* LaunchScreen.storyboard */; };
		ACB0B621FEE4A6B0C2C1A0C5 /* Pods_TaxiAggregator_iOS.framework in Frameworks */ = {isa = PBXBuildFile; fileRef = FAAC8EDC2D0262BFED911AD7 /* Pods_TaxiAggregator_iOS.framework */; };
/* End PBXBuildFile section */

/* Begin PBXFileReference section */
		202EDA32236CD73100A1419D /* TaxiAggregator-iOS.app */ = {isa = PBXFileReference; explicitFileType = wrapper.application; includeInIndex = 0; path = "TaxiAggregator-iOS.app"; sourceTree = BUILT_PRODUCTS_DIR; };
		202EDA35236CD73100A1419D /* AppDelegate.swift */ = {isa = PBXFileReference; lastKnownFileType = sourcecode.swift; path = AppDelegate.swift; sourceTree = "<group>"; };
		202EDA37236CD73100A1419D /* SceneDelegate.swift */ = {isa = PBXFileReference; lastKnownFileType = sourcecode.swift; path = SceneDelegate.swift; sourceTree = "<group>"; };
		202EDA39236CD73100A1419D /* ViewController.swift */ = {isa = PBXFileReference; lastKnownFileType = sourcecode.swift; path = ViewController.swift; sourceTree = "<group>"; };
		202EDA3C236CD73100A1419D /* Base */ = {isa = PBXFileReference; lastKnownFileType = file.storyboard; name = Base; path = Base.lproj/Main.storyboard; sourceTree = "<group>"; };
		202EDA3E236CD73300A1419D /* Assets.xcassets */ = {isa = PBXFileReference; lastKnownFileType = folder.assetcatalog; path = Assets.xcassets; sourceTree = "<group>"; };
		202EDA41236CD73300A1419D /* Base */ = {isa = PBXFileReference; lastKnownFileType = file.storyboard; name = Base; path = Base.lproj/LaunchScreen.storyboard; sourceTree = "<group>"; };
		202EDA43236CD73300A1419D /* Info.plist */ = {isa = PBXFileReference; lastKnownFileType = text.plist.xml; path = Info.plist; sourceTree = "<group>"; };
		9E0F14C52B61CF4C35095F75 /* Pods-TaxiAggregator-iOS.release.xcconfig */ = {isa = PBXFileReference; includeInIndex = 1; lastKnownFileType = text.xcconfig; name = "Pods-TaxiAggregator-iOS.release.xcconfig"; path = "Target Support Files/Pods-TaxiAggregator-iOS/Pods-TaxiAggregator-iOS.release.xcconfig"; sourceTree = "<group>"; };
		E58A9E76673CFFFBC02C29CE /* Pods-TaxiAggregator-iOS.debug.xcconfig */ = {isa = PBXFileReference; includeInIndex = 1; lastKnownFileType = text.xcconfig; name = "Pods-TaxiAggregator-iOS.debug.xcconfig"; path = "Target Support Files/Pods-TaxiAggregator-iOS/Pods-TaxiAggregator-iOS.debug.xcconfig"; sourceTree = "<group>"; };
		FAAC8EDC2D0262BFED911AD7 /* Pods_TaxiAggregator_iOS.framework */ = {isa = PBXFileReference; explicitFileType = wrapper.framework; includeInIndex = 0; path = Pods_TaxiAggregator_iOS.framework; sourceTree = BUILT_PRODUCTS_DIR; };
/* End PBXFileReference section */

/* Begin PBXFrameworksBuildPhase section */
		202EDA2F236CD73100A1419D /* Frameworks */ = {
			isa = PBXFrameworksBuildPhase;
			buildActionMask = 2147483647;
			files = (
				ACB0B621FEE4A6B0C2C1A0C5 /* Pods_TaxiAggregator_iOS.framework in Frameworks */,
			);
			runOnlyForDeploymentPostprocessing = 0;
		};
/* End PBXFrameworksBuildPhase section */

/* Begin PBXGroup section */
		202EDA29236CD73100A1419D = {
			isa = PBXGroup;
			children = (
				202EDA34236CD73100A1419D /* TaxiAggregator-iOS */,
				202EDA33236CD73100A1419D /* Products */,
				88CD5F27E592BC6558233864 /* Pods */,
				FDAD88DE6590E05ECA27BA7D /* Frameworks */,
			);
			sourceTree = "<group>";
		};
		202EDA33236CD73100A1419D /* Products */ = {
			isa = PBXGroup;
			children = (
				202EDA32236CD73100A1419D /* TaxiAggregator-iOS.app */,
			);
			name = Products;
			sourceTree = "<group>";
		};
		202EDA34236CD73100A1419D /* TaxiAggregator-iOS */ = {
			isa = PBXGroup;
			children = (
				202EDA35236CD73100A1419D /* AppDelegate.swift */,
				202EDA37236CD73100A1419D /* SceneDelegate.swift */,
				202EDA39236CD73100A1419D /* ViewController.swift */,
				202EDA3B236CD73100A1419D /* Main.storyboard */,
				202EDA3E236CD73300A1419D /* Assets.xcassets */,
				202EDA40236CD73300A1419D /* LaunchScreen.storyboard */,
				202EDA43236CD73300A1419D /* Info.plist */,
			);
			path = "TaxiAggregator-iOS";
			sourceTree = "<group>";
		};
		88CD5F27E592BC6558233864 /* Pods */ = {
			isa = PBXGroup;
			children = (
				E58A9E76673CFFFBC02C29CE /* Pods-TaxiAggregator-iOS.debug.xcconfig */,
				9E0F14C52B61CF4C35095F75 /* Pods-TaxiAggregator-iOS.release.xcconfig */,
			);
			name = Pods;
			path = Pods;
			sourceTree = "<group>";
		};
		FDAD88DE6590E05ECA27BA7D /* Frameworks */ = {
			isa = PBXGroup;
			children = (
				FAAC8EDC2D0262BFED911AD7 /* Pods_TaxiAggregator_iOS.framework */,
			);
			name = Frameworks;
			sourceTree = "<group>";
		};
/* End PBXGroup section */

/* Begin PBXNativeTarget section */
		202EDA31236CD73100A1419D /* TaxiAggregator-iOS */ = {
			isa = PBXNativeTarget;
			buildConfigurationList = 202EDA46236CD73300A1419D /* Build configuration list for PBXNativeTarget "TaxiAggregator-iOS" */;
			buildPhases = (
				45F595227570151CB1718F71 /* [CP] Check Pods Manifest.lock */,
				202EDA2E236CD73100A1419D /* Sources */,
				202EDA2F236CD73100A1419D /* Frameworks */,
				202EDA30236CD73100A1419D /* Resources */,
				D6932295C86FD9572FF5D2D5 /* [CP] Embed Pods Frameworks */,
			);
			buildRules = (
			);
			dependencies = (
			);
			name = "TaxiAggregator-iOS";
			productName = "TaxiAggregator-iOS";
			productReference = 202EDA32236CD73100A1419D /* TaxiAggregator-iOS.app */;
			productType = "com.apple.product-type.application";
		};
/* End PBXNativeTarget section */

/* Begin PBXProject section */
		202EDA2A236CD73100A1419D /* Project object */ = {
			isa = PBXProject;
			attributes = {
				LastSwiftUpdateCheck = 1110;
				LastUpgradeCheck = 1110;
				ORGANIZATIONNAME = Vinso;
				TargetAttributes = {
					202EDA31236CD73100A1419D = {
						CreatedOnToolsVersion = 11.1;
					};
				};
			};
			buildConfigurationList = 202EDA2D236CD73100A1419D /* Build configuration list for PBXProject "TaxiAggregator-iOS" */;
			compatibilityVersion = "Xcode 9.3";
			developmentRegion = en;
			hasScannedForEncodings = 0;
			knownRegions = (
				en,
				Base,
			);
			mainGroup = 202EDA29236CD73100A1419D;
			productRefGroup = 202EDA33236CD73100A1419D /* Products */;
			projectDirPath = "";
			projectRoot = "";
			targets = (
				202EDA31236CD73100A1419D /* TaxiAggregator-iOS */,
			);
		};
/* End PBXProject section */

/* Begin PBXResourcesBuildPhase section */
		202EDA30236CD73100A1419D /* Resources */ = {
			isa = PBXResourcesBuildPhase;
			buildActionMask = 2147483647;
			files = (
				202EDA42236CD73300A1419D /* LaunchScreen.storyboard in Resources */,
				202EDA3F236CD73300A1419D /* Assets.xcassets in Resources */,
				202EDA3D236CD73100A1419D /* Main.storyboard in Resources */,
			);
			runOnlyForDeploymentPostprocessing = 0;
		};
/* End PBXResourcesBuildPhase section */

/* Begin PBXShellScriptBuildPhase section */
		45F595227570151CB1718F71 /* [CP] Check Pods Manifest.lock */ = {
			isa = PBXShellScriptBuildPhase;
			buildActionMask = 2147483647;
			files = (
			);
			inputFileListPaths = (
			);
			inputPaths = (
				"${PODS_PODFILE_DIR_PATH}/Podfile.lock",
				"${PODS_ROOT}/Manifest.lock",
			);
			name = "[CP] Check Pods Manifest.lock";
			outputFileListPaths = (
			);
			outputPaths = (
				"$(DERIVED_FILE_DIR)/Pods-TaxiAggregator-iOS-checkManifestLockResult.txt",
			);
			runOnlyForDeploymentPostprocessing = 0;
			shellPath = /bin/sh;
			shellScript = "diff \"${PODS_PODFILE_DIR_PATH}/Podfile.lock\" \"${PODS_ROOT}/Manifest.lock\" > /dev/null\nif [ $? != 0 ] ; then\n    # print error to STDERR\n    echo \"error: The sandbox is not in sync with the Podfile.lock. Run 'pod install' or update your CocoaPods installation.\" >&2\n    exit 1\nfi\n# This output is used by Xcode 'outputs' to avoid re-running this script phase.\necho \"SUCCESS\" > \"${SCRIPT_OUTPUT_FILE_0}\"\n";
			showEnvVarsInLog = 0;
		};
		D6932295C86FD9572FF5D2D5 /* [CP] Embed Pods Frameworks */ = {
			isa = PBXShellScriptBuildPhase;
			buildActionMask = 2147483647;
			files = (
			);
			inputFileListPaths = (
				"${PODS_ROOT}/Target Support Files/Pods-TaxiAggregator-iOS/Pods-TaxiAggregator-iOS-frameworks-${CONFIGURATION}-input-files.xcfilelist",
			);
			name = "[CP] Embed Pods Frameworks";
			outputFileListPaths = (
				"${PODS_ROOT}/Target Support Files/Pods-TaxiAggregator-iOS/Pods-TaxiAggregator-iOS-frameworks-${CONFIGURATION}-output-files.xcfilelist",
			);
			runOnlyForDeploymentPostprocessing = 0;
			shellPath = /bin/sh;
			shellScript = "\"${PODS_ROOT}/Target Support Files/Pods-TaxiAggregator-iOS/Pods-TaxiAggregator-iOS-frameworks.sh\"\n";
			showEnvVarsInLog = 0;
		};
/* End PBXShellScriptBuildPhase section */

/* Begin PBXSourcesBuildPhase section */
		202EDA2E236CD73100A1419D /* Sources */ = {
			isa = PBXSourcesBuildPhase;
			buildActionMask = 2147483647;
			files = (
				202EDA3A236CD73100A1419D /* ViewController.swift in Sources */,
				202EDA36236CD73100A1419D /* AppDelegate.swift in Sources */,
				202EDA38236CD73100A1419D /* SceneDelegate.swift in Sources */,
			);
			runOnlyForDeploymentPostprocessing = 0;
		};
/* End PBXSourcesBuildPhase section */

/* Begin PBXVariantGroup section */
		202EDA3B236CD73100A1419D /* Main.storyboard */ = {
			isa = PBXVariantGroup;
			children = (
				202EDA3C236CD73100A1419D /* Base */,
			);
			name = Main.storyboard;
			sourceTree = "<group>";
		};
		202EDA40236CD73300A1419D /* LaunchScreen.storyboard */ = {
			isa = PBXVariantGroup;
			children = (
				202EDA41236CD73300A1419D /* Base */,
			);
			name = LaunchScreen.storyboard;
			sourceTree = "<group>";
		};
/* End PBXVariantGroup section */

/* Begin XCBuildConfiguration section */
		202EDA44236CD73300A1419D /* Debug */ = {
			isa = XCBuildConfiguration;
			buildSettings = {
				ALWAYS_SEARCH_USER_PATHS = NO;
				CLANG_ANALYZER_NONNULL = YES;
				CLANG_ANALYZER_NUMBER_OBJECT_CONVERSION = YES_AGGRESSIVE;
				CLANG_CXX_LANGUAGE_STANDARD = "gnu++14";
				CLANG_CXX_LIBRARY = "libc++";
				CLANG_ENABLE_MODULES = YES;
				CLANG_ENABLE_OBJC_ARC = YES;
				CLANG_ENABLE_OBJC_WEAK = YES;
				CLANG_WARN_BLOCK_CAPTURE_AUTORELEASING = YES;
				CLANG_WARN_BOOL_CONVERSION = YES;
				CLANG_WARN_COMMA = YES;
				CLANG_WARN_CONSTANT_CONVERSION = YES;
				CLANG_WARN_DEPRECATED_OBJC_IMPLEMENTATIONS = YES;
				CLANG_WARN_DIRECT_OBJC_ISA_USAGE = YES_ERROR;
				CLANG_WARN_DOCUMENTATION_COMMENTS = YES;
				CLANG_WARN_EMPTY_BODY = YES;
				CLANG_WARN_ENUM_CONVERSION = YES;
				CLANG_WARN_INFINITE_RECURSION = YES;
				CLANG_WARN_INT_CONVERSION = YES;
				CLANG_WARN_NON_LITERAL_NULL_CONVERSION = YES;
				CLANG_WARN_OBJC_IMPLICIT_RETAIN_SELF = YES;
				CLANG_WARN_OBJC_LITERAL_CONVERSION = YES;
				CLANG_WARN_OBJC_ROOT_CLASS = YES_ERROR;
				CLANG_WARN_RANGE_LOOP_ANALYSIS = YES;
				CLANG_WARN_STRICT_PROTOTYPES = YES;
				CLANG_WARN_SUSPICIOUS_MOVE = YES;
				CLANG_WARN_UNGUARDED_AVAILABILITY = YES_AGGRESSIVE;
				CLANG_WARN_UNREACHABLE_CODE = YES;
				CLANG_WARN__DUPLICATE_METHOD_MATCH = YES;
				COPY_PHASE_STRIP = NO;
				DEBUG_INFORMATION_FORMAT = dwarf;
				ENABLE_STRICT_OBJC_MSGSEND = YES;
				ENABLE_TESTABILITY = YES;
				GCC_C_LANGUAGE_STANDARD = gnu11;
				GCC_DYNAMIC_NO_PIC = NO;
				GCC_NO_COMMON_BLOCKS = YES;
				GCC_OPTIMIZATION_LEVEL = 0;
				GCC_PREPROCESSOR_DEFINITIONS = (
					"DEBUG=1",
					"$(inherited)",
				);
				GCC_WARN_64_TO_32_BIT_CONVERSION = YES;
				GCC_WARN_ABOUT_RETURN_TYPE = YES_ERROR;
				GCC_WARN_UNDECLARED_SELECTOR = YES;
				GCC_WARN_UNINITIALIZED_AUTOS = YES_AGGRESSIVE;
				GCC_WARN_UNUSED_FUNCTION = YES;
				GCC_WARN_UNUSED_VARIABLE = YES;
				IPHONEOS_DEPLOYMENT_TARGET = 13.1;
				MTL_ENABLE_DEBUG_INFO = INCLUDE_SOURCE;
				MTL_FAST_MATH = YES;
				ONLY_ACTIVE_ARCH = YES;
				SDKROOT = iphoneos;
				SWIFT_ACTIVE_COMPILATION_CONDITIONS = DEBUG;
				SWIFT_OPTIMIZATION_LEVEL = "-Onone";
			};
			name = Debug;
		};
		202EDA45236CD73300A1419D /* Release */ = {
			isa = XCBuildConfiguration;
			buildSettings = {
				ALWAYS_SEARCH_USER_PATHS = NO;
				CLANG_ANALYZER_NONNULL = YES;
				CLANG_ANALYZER_NUMBER_OBJECT_CONVERSION = YES_AGGRESSIVE;
				CLANG_CXX_LANGUAGE_STANDARD = "gnu++14";
				CLANG_CXX_LIBRARY = "libc++";
				CLANG_ENABLE_MODULES = YES;
				CLANG_ENABLE_OBJC_ARC = YES;
				CLANG_ENABLE_OBJC_WEAK = YES;
				CLANG_WARN_BLOCK_CAPTURE_AUTORELEASING = YES;
				CLANG_WARN_BOOL_CONVERSION = YES;
				CLANG_WARN_COMMA = YES;
				CLANG_WARN_CONSTANT_CONVERSION = YES;
				CLANG_WARN_DEPRECATED_OBJC_IMPLEMENTATIONS = YES;
				CLANG_WARN_DIRECT_OBJC_ISA_USAGE = YES_ERROR;
				CLANG_WARN_DOCUMENTATION_COMMENTS = YES;
				CLANG_WARN_EMPTY_BODY = YES;
				CLANG_WARN_ENUM_CONVERSION = YES;
				CLANG_WARN_INFINITE_RECURSION = YES;
				CLANG_WARN_INT_CONVERSION = YES;
				CLANG_WARN_NON_LITERAL_NULL_CONVERSION = YES;
				CLANG_WARN_OBJC_IMPLICIT_RETAIN_SELF = YES;
				CLANG_WARN_OBJC_LITERAL_CONVERSION = YES;
				CLANG_WARN_OBJC_ROOT_CLASS = YES_ERROR;
				CLANG_WARN_RANGE_LOOP_ANALYSIS = YES;
				CLANG_WARN_STRICT_PROTOTYPES = YES;
				CLANG_WARN_SUSPICIOUS_MOVE = YES;
				CLANG_WARN_UNGUARDED_AVAILABILITY = YES_AGGRESSIVE;
				CLANG_WARN_UNREACHABLE_CODE = YES;
				CLANG_WARN__DUPLICATE_METHOD_MATCH = YES;
				COPY_PHASE_STRIP = NO;
				DEBUG_INFORMATION_FORMAT = "dwarf-with-dsym";
				ENABLE_NS_ASSERTIONS = NO;
				ENABLE_STRICT_OBJC_MSGSEND = YES;
				GCC_C_LANGUAGE_STANDARD = gnu11;
				GCC_NO_COMMON_BLOCKS = YES;
				GCC_WARN_64_TO_32_BIT_CONVERSION = YES;
				GCC_WARN_ABOUT_RETURN_TYPE = YES_ERROR;
				GCC_WARN_UNDECLARED_SELECTOR = YES;
				GCC_WARN_UNINITIALIZED_AUTOS = YES_AGGRESSIVE;
				GCC_WARN_UNUSED_FUNCTION = YES;
				GCC_WARN_UNUSED_VARIABLE = YES;
				IPHONEOS_DEPLOYMENT_TARGET = 13.1;
				MTL_ENABLE_DEBUG_INFO = NO;
				MTL_FAST_MATH = YES;
				SDKROOT = iphoneos;
				SWIFT_COMPILATION_MODE = wholemodule;
				SWIFT_OPTIMIZATION_LEVEL = "-O";
				VALIDATE_PRODUCT = YES;
			};
			name = Release;
		};
		202EDA47236CD73300A1419D /* Debug */ = {
			isa = XCBuildConfiguration;
			baseConfigurationReference = E58A9E76673CFFFBC02C29CE /* Pods-TaxiAggregator-iOS.debug.xcconfig */;
			buildSettings = {
				ASSETCATALOG_COMPILER_APPICON_NAME = AppIcon;
				CODE_SIGN_STYLE = Automatic;
				DEVELOPMENT_TEAM = RQ8948VJT6;
				INFOPLIST_FILE = "TaxiAggregator-iOS/Info.plist";
				LD_RUNPATH_SEARCH_PATHS = (
					"$(inherited)",
					"@executable_path/Frameworks",
				);
				PRODUCT_BUNDLE_IDENTIFIER = "com.vinso.TaxiAggregator-iOS";
				PRODUCT_NAME = "$(TARGET_NAME)";
				SWIFT_VERSION = 5.0;
				TARGETED_DEVICE_FAMILY = "1,2";
			};
			name = Debug;
		};
		202EDA48236CD73300A1419D /* Release */ = {
			isa = XCBuildConfiguration;
			baseConfigurationReference = 9E0F14C52B61CF4C35095F75 /* Pods-TaxiAggregator-iOS.release.xcconfig */;
			buildSettings = {
				ASSETCATALOG_COMPILER_APPICON_NAME = AppIcon;
				CODE_SIGN_STYLE = Automatic;
				DEVELOPMENT_TEAM = RQ8948VJT6;
				INFOPLIST_FILE = "TaxiAggregator-iOS/Info.plist";
				LD_RUNPATH_SEARCH_PATHS = (
					"$(inherited)",
					"@executable_path/Frameworks",
				);
				PRODUCT_BUNDLE_IDENTIFIER = "com.vinso.TaxiAggregator-iOS";
				PRODUCT_NAME = "$(TARGET_NAME)";
				SWIFT_VERSION = 5.0;
				TARGETED_DEVICE_FAMILY = "1,2";
			};
			name = Release;
		};
/* End XCBuildConfiguration section */

/* Begin XCConfigurationList section */
		202EDA2D236CD73100A1419D /* Build configuration list for PBXProject "TaxiAggregator-iOS" */ = {
			isa = XCConfigurationList;
			buildConfigurations = (
				202EDA44236CD73300A1419D /* Debug */,
				202EDA45236CD73300A1419D /* Release */,
			);
			defaultConfigurationIsVisible = 0;
			defaultConfigurationName = Release;
		};
		202EDA46236CD73300A1419D /* Build configuration list for PBXNativeTarget "TaxiAggregator-iOS" */ = {
			isa = XCConfigurationList;
			buildConfigurations = (
				202EDA47236CD73300A1419D /* Debug */,
				202EDA48236CD73300A1419D /* Release */,
			);
			defaultConfigurationIsVisible = 0;
			defaultConfigurationName = Release;
		};
/* End XCConfigurationList section */
	};
	rootObject = 202EDA2A236CD73100A1419D /* Project object */;
}
