// !$*UTF8*$!
{
	archiveVersion = 1;
	classes = {
	};
	objectVersion = 51;
	objects = {

/* Begin PBXBuildFile section */
		200AEA812371DA8B00624F53 /* TABaseTableViewCell.swift in Sources */ = {isa = PBXBuildFile; fileRef = 200AEA802371DA8B00624F53 /* TABaseTableViewCell.swift */; };
		200AEA8C2371E9D000624F53 /* TAUserSessionDataStore.swift in Sources */ = {isa = PBXBuildFile; fileRef = 200AEA872371E9D000624F53 /* TAUserSessionDataStore.swift */; };
		200AEA8D2371E9D000624F53 /* TADatabaseSessionDataStore.swift in Sources */ = {isa = PBXBuildFile; fileRef = 200AEA882371E9D000624F53 /* TADatabaseSessionDataStore.swift */; };
		200AEA8E2371E9D000624F53 /* TAAuthRemoteAPI.swift in Sources */ = {isa = PBXBuildFile; fileRef = 200AEA892371E9D000624F53 /* TAAuthRemoteAPI.swift */; };
		200AEA8F2371E9D000624F53 /* TAUserSessionCoding.swift in Sources */ = {isa = PBXBuildFile; fileRef = 200AEA8A2371E9D000624F53 /* TAUserSessionCoding.swift */; };
		200AEA902371E9D000624F53 /* TAAppUserSessionRepository.swift in Sources */ = {isa = PBXBuildFile; fileRef = 200AEA8B2371E9D000624F53 /* TAAppUserSessionRepository.swift */; };
		200AEA932371FD6A00624F53 /* TALeftMenuNavigationScreen.swift in Sources */ = {isa = PBXBuildFile; fileRef = 200AEA922371FD6A00624F53 /* TALeftMenuNavigationScreen.swift */; };
		202EDA36236CD73100A1419D /* AppDelegate.swift in Sources */ = {isa = PBXBuildFile; fileRef = 202EDA35236CD73100A1419D /* AppDelegate.swift */; };
		202EDA3F236CD73300A1419D /* Assets.xcassets in Resources */ = {isa = PBXBuildFile; fileRef = 202EDA3E236CD73300A1419D /* Assets.xcassets */; };
		202EDA42236CD73300A1419D /* LaunchScreen.storyboard in Resources */ = {isa = PBXBuildFile; fileRef = 202EDA40236CD73300A1419D /* LaunchScreen.storyboard */; };
		20587B56236EAEE000E661E9 /* TAOnboardingRootView.swift in Sources */ = {isa = PBXBuildFile; fileRef = 20587B55236EAEE000E661E9 /* TAOnboardingRootView.swift */; };
		20587B58236EAF1500E661E9 /* TALaunchRootView.swift in Sources */ = {isa = PBXBuildFile; fileRef = 20587B57236EAF1500E661E9 /* TALaunchRootView.swift */; };
		20587B5A236EAF2A00E661E9 /* TAMapRootView.swift in Sources */ = {isa = PBXBuildFile; fileRef = 20587B59236EAF2A00E661E9 /* TAMapRootView.swift */; };
		20587B5C236EAF3D00E661E9 /* TALeftMenuRootView.swift in Sources */ = {isa = PBXBuildFile; fileRef = 20587B5B236EAF3D00E661E9 /* TALeftMenuRootView.swift */; };
		20587B5E236EF1E200E661E9 /* TALeftSideMenuCell.swift in Sources */ = {isa = PBXBuildFile; fileRef = 20587B5D236EF1E200E661E9 /* TALeftSideMenuCell.swift */; };
		20587B60236EF1FA00E661E9 /* TAMenuItemType.swift in Sources */ = {isa = PBXBuildFile; fileRef = 20587B5F236EF1FA00E661E9 /* TAMenuItemType.swift */; };
		20C8AAA4236DE07A005E6590 /* TAAppDependencyContainer.swift in Sources */ = {isa = PBXBuildFile; fileRef = 20C8AAA3236DE07A005E6590 /* TAAppDependencyContainer.swift */; };
		20C8AAA7236DE17A005E6590 /* TAMapViewController.swift in Sources */ = {isa = PBXBuildFile; fileRef = 20C8AAA6236DE17A005E6590 /* TAMapViewController.swift */; };
		20C8AAA9236DE1D3005E6590 /* TAMapViewModel.swift in Sources */ = {isa = PBXBuildFile; fileRef = 20C8AAA8236DE1D3005E6590 /* TAMapViewModel.swift */; };
		20C8AAB1236DE480005E6590 /* TALeftMenuViewController.swift in Sources */ = {isa = PBXBuildFile; fileRef = 20C8AAB0236DE480005E6590 /* TALeftMenuViewController.swift */; };
		20C8AAB3236DE49E005E6590 /* TABaseViewController.swift in Sources */ = {isa = PBXBuildFile; fileRef = 20C8AAB2236DE49E005E6590 /* TABaseViewController.swift */; };
		20C8AAB5236DE4E6005E6590 /* TALeftMenuViewModel.swift in Sources */ = {isa = PBXBuildFile; fileRef = 20C8AAB4236DE4E6005E6590 /* TALeftMenuViewModel.swift */; };
		20C8AAC2236DFFAD005E6590 /* TALaunchViewController.swift in Sources */ = {isa = PBXBuildFile; fileRef = 20C8AAC1236DFFAD005E6590 /* TALaunchViewController.swift */; };
		20C8AAC4236DFFB5005E6590 /* TALaunchViewModel.swift in Sources */ = {isa = PBXBuildFile; fileRef = 20C8AAC3236DFFB5005E6590 /* TALaunchViewModel.swift */; };
		20C8AAC7236E0183005E6590 /* TAOnboardingViewController.swift in Sources */ = {isa = PBXBuildFile; fileRef = 20C8AAC6236E0183005E6590 /* TAOnboardingViewController.swift */; };
		20C8AAC9236E018B005E6590 /* TAOnboardingViewModel.swift in Sources */ = {isa = PBXBuildFile; fileRef = 20C8AAC8236E018B005E6590 /* TAOnboardingViewModel.swift */; };
		20C8AACC236EAAAC005E6590 /* TABaseView.swift in Sources */ = {isa = PBXBuildFile; fileRef = 20C8AACB236EAAAC005E6590 /* TABaseView.swift */; };
		20DC11C32370BC04004F323E /* Logger.swift in Sources */ = {isa = PBXBuildFile; fileRef = 20DC11C22370BC04004F323E /* Logger.swift */; };
		20DC11C52370BC42004F323E /* Date+Ext.swift in Sources */ = {isa = PBXBuildFile; fileRef = 20DC11C42370BC42004F323E /* Date+Ext.swift */; };
		20DC11C72370BC63004F323E /* String+Extension.swift in Sources */ = {isa = PBXBuildFile; fileRef = 20DC11C62370BC63004F323E /* String+Extension.swift */; };
		20DC11D52370BC86004F323E /* UIApplication+Ext.swift in Sources */ = {isa = PBXBuildFile; fileRef = 20DC11C92370BC86004F323E /* UIApplication+Ext.swift */; };
		20DC11D62370BC86004F323E /* UIFont+Ext.swift in Sources */ = {isa = PBXBuildFile; fileRef = 20DC11CA2370BC86004F323E /* UIFont+Ext.swift */; };
		20DC11DB2370BC86004F323E /* UICollectionView+Ext.swift in Sources */ = {isa = PBXBuildFile; fileRef = 20DC11CF2370BC86004F323E /* UICollectionView+Ext.swift */; };
		20DC11DD2370BC86004F323E /* UIStackView+Ext.swift in Sources */ = {isa = PBXBuildFile; fileRef = 20DC11D12370BC86004F323E /* UIStackView+Ext.swift */; };
		20DC11E02370BC86004F323E /* UITableView+Ext.swift in Sources */ = {isa = PBXBuildFile; fileRef = 20DC11D42370BC86004F323E /* UITableView+Ext.swift */; };
		20ED9D00236F49B800ED3FBB /* Rubik-Regular.ttf in Resources */ = {isa = PBXBuildFile; fileRef = 20ED9CFF236F49B700ED3FBB /* Rubik-Regular.ttf */; };
		9797E7AC23718E1A008AC393 /* TAThemeable.swift in Sources */ = {isa = PBXBuildFile; fileRef = 9797E7AB23718E1A008AC393 /* TAThemeable.swift */; };
		9797E7AE23718E3D008AC393 /* TATheme.swift in Sources */ = {isa = PBXBuildFile; fileRef = 9797E7AD23718E3D008AC393 /* TATheme.swift */; };
		9797E7B023718F8C008AC393 /* TAColorsPalette.swift in Sources */ = {isa = PBXBuildFile; fileRef = 9797E7AF23718F8C008AC393 /* TAColorsPalette.swift */; };
		9797E7B223718FE4008AC393 /* TAThemeProvider.swift in Sources */ = {isa = PBXBuildFile; fileRef = 9797E7B123718FE4008AC393 /* TAThemeProvider.swift */; };
		9797E7B423719257008AC393 /* TALegacyThemeProvider.swift in Sources */ = {isa = PBXBuildFile; fileRef = 9797E7B323719257008AC393 /* TALegacyThemeProvider.swift */; };
		9797E7B62371AF6C008AC393 /* TAConfig.swift in Sources */ = {isa = PBXBuildFile; fileRef = 9797E7B52371AF6C008AC393 /* TAConfig.swift */; };
		97A33C492370391E00C06500 /* TAPickupDropoffNavigationBar.swift in Sources */ = {isa = PBXBuildFile; fileRef = 97A33C482370391E00C06500 /* TAPickupDropoffNavigationBar.swift */; };
		97A551D42370869500960890 /* UIControl+Ext.swift in Sources */ = {isa = PBXBuildFile; fileRef = 97A551D32370869500960890 /* UIControl+Ext.swift */; };
		97A551D923708ECA00960890 /* TANavigationAction.swift in Sources */ = {isa = PBXBuildFile; fileRef = 97A551D823708ECA00960890 /* TANavigationAction.swift */; };
		97A551DB23708F8500960890 /* TAMapNavigationScreen.swift in Sources */ = {isa = PBXBuildFile; fileRef = 97A551DA23708F8500960890 /* TAMapNavigationScreen.swift */; };
		ACB0B621FEE4A6B0C2C1A0C5 /* Pods_TaxiAggregator_iOS.framework in Frameworks */ = {isa = PBXBuildFile; fileRef = FAAC8EDC2D0262BFED911AD7 /* Pods_TaxiAggregator_iOS.framework */; };
/* End PBXBuildFile section */

/* Begin PBXFileReference section */
		200AEA802371DA8B00624F53 /* TABaseTableViewCell.swift */ = {isa = PBXFileReference; lastKnownFileType = sourcecode.swift; path = TABaseTableViewCell.swift; sourceTree = "<group>"; };
		200AEA872371E9D000624F53 /* TAUserSessionDataStore.swift */ = {isa = PBXFileReference; fileEncoding = 4; lastKnownFileType = sourcecode.swift; path = TAUserSessionDataStore.swift; sourceTree = "<group>"; };
		200AEA882371E9D000624F53 /* TADatabaseSessionDataStore.swift */ = {isa = PBXFileReference; fileEncoding = 4; lastKnownFileType = sourcecode.swift; path = TADatabaseSessionDataStore.swift; sourceTree = "<group>"; };
		200AEA892371E9D000624F53 /* TAAuthRemoteAPI.swift */ = {isa = PBXFileReference; fileEncoding = 4; lastKnownFileType = sourcecode.swift; path = TAAuthRemoteAPI.swift; sourceTree = "<group>"; };
		200AEA8A2371E9D000624F53 /* TAUserSessionCoding.swift */ = {isa = PBXFileReference; fileEncoding = 4; lastKnownFileType = sourcecode.swift; path = TAUserSessionCoding.swift; sourceTree = "<group>"; };
		200AEA8B2371E9D000624F53 /* TAAppUserSessionRepository.swift */ = {isa = PBXFileReference; fileEncoding = 4; lastKnownFileType = sourcecode.swift; path = TAAppUserSessionRepository.swift; sourceTree = "<group>"; };
		200AEA922371FD6A00624F53 /* TALeftMenuNavigationScreen.swift */ = {isa = PBXFileReference; lastKnownFileType = sourcecode.swift; path = TALeftMenuNavigationScreen.swift; sourceTree = "<group>"; };
		202EDA32236CD73100A1419D /* Taxicos.app */ = {isa = PBXFileReference; explicitFileType = wrapper.application; includeInIndex = 0; path = Taxicos.app; sourceTree = BUILT_PRODUCTS_DIR; };
		202EDA35236CD73100A1419D /* AppDelegate.swift */ = {isa = PBXFileReference; lastKnownFileType = sourcecode.swift; path = AppDelegate.swift; sourceTree = "<group>"; };
		202EDA3E236CD73300A1419D /* Assets.xcassets */ = {isa = PBXFileReference; lastKnownFileType = folder.assetcatalog; path = Assets.xcassets; sourceTree = "<group>"; };
		202EDA41236CD73300A1419D /* Base */ = {isa = PBXFileReference; lastKnownFileType = file.storyboard; name = Base; path = Base.lproj/LaunchScreen.storyboard; sourceTree = "<group>"; };
		202EDA43236CD73300A1419D /* Info.plist */ = {isa = PBXFileReference; lastKnownFileType = text.plist.xml; path = Info.plist; sourceTree = "<group>"; };
		20587B55236EAEE000E661E9 /* TAOnboardingRootView.swift */ = {isa = PBXFileReference; lastKnownFileType = sourcecode.swift; path = TAOnboardingRootView.swift; sourceTree = "<group>"; };
		20587B57236EAF1500E661E9 /* TALaunchRootView.swift */ = {isa = PBXFileReference; lastKnownFileType = sourcecode.swift; path = TALaunchRootView.swift; sourceTree = "<group>"; };
		20587B59236EAF2A00E661E9 /* TAMapRootView.swift */ = {isa = PBXFileReference; lastKnownFileType = sourcecode.swift; path = TAMapRootView.swift; sourceTree = "<group>"; };
		20587B5B236EAF3D00E661E9 /* TALeftMenuRootView.swift */ = {isa = PBXFileReference; lastKnownFileType = sourcecode.swift; path = TALeftMenuRootView.swift; sourceTree = "<group>"; };
		20587B5D236EF1E200E661E9 /* TALeftSideMenuCell.swift */ = {isa = PBXFileReference; lastKnownFileType = sourcecode.swift; path = TALeftSideMenuCell.swift; sourceTree = "<group>"; };
		20587B5F236EF1FA00E661E9 /* TAMenuItemType.swift */ = {isa = PBXFileReference; lastKnownFileType = sourcecode.swift; path = TAMenuItemType.swift; sourceTree = "<group>"; };
		20C8AAA3236DE07A005E6590 /* TAAppDependencyContainer.swift */ = {isa = PBXFileReference; lastKnownFileType = sourcecode.swift; path = TAAppDependencyContainer.swift; sourceTree = "<group>"; };
		20C8AAA6236DE17A005E6590 /* TAMapViewController.swift */ = {isa = PBXFileReference; lastKnownFileType = sourcecode.swift; path = TAMapViewController.swift; sourceTree = "<group>"; };
		20C8AAA8236DE1D3005E6590 /* TAMapViewModel.swift */ = {isa = PBXFileReference; lastKnownFileType = sourcecode.swift; path = TAMapViewModel.swift; sourceTree = "<group>"; };
		20C8AAB0236DE480005E6590 /* TALeftMenuViewController.swift */ = {isa = PBXFileReference; lastKnownFileType = sourcecode.swift; path = TALeftMenuViewController.swift; sourceTree = "<group>"; };
		20C8AAB2236DE49E005E6590 /* TABaseViewController.swift */ = {isa = PBXFileReference; lastKnownFileType = sourcecode.swift; path = TABaseViewController.swift; sourceTree = "<group>"; };
		20C8AAB4236DE4E6005E6590 /* TALeftMenuViewModel.swift */ = {isa = PBXFileReference; lastKnownFileType = sourcecode.swift; path = TALeftMenuViewModel.swift; sourceTree = "<group>"; };
		20C8AAC1236DFFAD005E6590 /* TALaunchViewController.swift */ = {isa = PBXFileReference; lastKnownFileType = sourcecode.swift; path = TALaunchViewController.swift; sourceTree = "<group>"; };
		20C8AAC3236DFFB5005E6590 /* TALaunchViewModel.swift */ = {isa = PBXFileReference; lastKnownFileType = sourcecode.swift; path = TALaunchViewModel.swift; sourceTree = "<group>"; };
		20C8AAC6236E0183005E6590 /* TAOnboardingViewController.swift */ = {isa = PBXFileReference; lastKnownFileType = sourcecode.swift; path = TAOnboardingViewController.swift; sourceTree = "<group>"; };
		20C8AAC8236E018B005E6590 /* TAOnboardingViewModel.swift */ = {isa = PBXFileReference; lastKnownFileType = sourcecode.swift; path = TAOnboardingViewModel.swift; sourceTree = "<group>"; };
		20C8AACB236EAAAC005E6590 /* TABaseView.swift */ = {isa = PBXFileReference; lastKnownFileType = sourcecode.swift; path = TABaseView.swift; sourceTree = "<group>"; };
		20DC11C22370BC04004F323E /* Logger.swift */ = {isa = PBXFileReference; fileEncoding = 4; lastKnownFileType = sourcecode.swift; path = Logger.swift; sourceTree = "<group>"; };
		20DC11C42370BC42004F323E /* Date+Ext.swift */ = {isa = PBXFileReference; fileEncoding = 4; lastKnownFileType = sourcecode.swift; path = "Date+Ext.swift"; sourceTree = "<group>"; };
		20DC11C62370BC63004F323E /* String+Extension.swift */ = {isa = PBXFileReference; fileEncoding = 4; lastKnownFileType = sourcecode.swift; path = "String+Extension.swift"; sourceTree = "<group>"; };
		20DC11C92370BC86004F323E /* UIApplication+Ext.swift */ = {isa = PBXFileReference; fileEncoding = 4; lastKnownFileType = sourcecode.swift; path = "UIApplication+Ext.swift"; sourceTree = "<group>"; };
		20DC11CA2370BC86004F323E /* UIFont+Ext.swift */ = {isa = PBXFileReference; fileEncoding = 4; lastKnownFileType = sourcecode.swift; path = "UIFont+Ext.swift"; sourceTree = "<group>"; };
		20DC11CF2370BC86004F323E /* UICollectionView+Ext.swift */ = {isa = PBXFileReference; fileEncoding = 4; lastKnownFileType = sourcecode.swift; path = "UICollectionView+Ext.swift"; sourceTree = "<group>"; };
		20DC11D12370BC86004F323E /* UIStackView+Ext.swift */ = {isa = PBXFileReference; fileEncoding = 4; lastKnownFileType = sourcecode.swift; path = "UIStackView+Ext.swift"; sourceTree = "<group>"; };
		20DC11D42370BC86004F323E /* UITableView+Ext.swift */ = {isa = PBXFileReference; fileEncoding = 4; lastKnownFileType = sourcecode.swift; path = "UITableView+Ext.swift"; sourceTree = "<group>"; };
		20ED9CFF236F49B700ED3FBB /* Rubik-Regular.ttf */ = {isa = PBXFileReference; lastKnownFileType = file; path = "Rubik-Regular.ttf"; sourceTree = "<group>"; };
		9797E7AB23718E1A008AC393 /* TAThemeable.swift */ = {isa = PBXFileReference; lastKnownFileType = sourcecode.swift; path = TAThemeable.swift; sourceTree = "<group>"; };
		9797E7AD23718E3D008AC393 /* TATheme.swift */ = {isa = PBXFileReference; lastKnownFileType = sourcecode.swift; path = TATheme.swift; sourceTree = "<group>"; };
		9797E7AF23718F8C008AC393 /* TAColorsPalette.swift */ = {isa = PBXFileReference; lastKnownFileType = sourcecode.swift; path = TAColorsPalette.swift; sourceTree = "<group>"; };
		9797E7B123718FE4008AC393 /* TAThemeProvider.swift */ = {isa = PBXFileReference; lastKnownFileType = sourcecode.swift; path = TAThemeProvider.swift; sourceTree = "<group>"; };
		9797E7B323719257008AC393 /* TALegacyThemeProvider.swift */ = {isa = PBXFileReference; lastKnownFileType = sourcecode.swift; path = TALegacyThemeProvider.swift; sourceTree = "<group>"; };
		9797E7B52371AF6C008AC393 /* TAConfig.swift */ = {isa = PBXFileReference; lastKnownFileType = sourcecode.swift; path = TAConfig.swift; sourceTree = "<group>"; };
		97A33C482370391E00C06500 /* TAPickupDropoffNavigationBar.swift */ = {isa = PBXFileReference; lastKnownFileType = sourcecode.swift; path = TAPickupDropoffNavigationBar.swift; sourceTree = "<group>"; };
		97A551D32370869500960890 /* UIControl+Ext.swift */ = {isa = PBXFileReference; lastKnownFileType = sourcecode.swift; path = "UIControl+Ext.swift"; sourceTree = "<group>"; };
		97A551D823708ECA00960890 /* TANavigationAction.swift */ = {isa = PBXFileReference; lastKnownFileType = sourcecode.swift; path = TANavigationAction.swift; sourceTree = "<group>"; };
		97A551DA23708F8500960890 /* TAMapNavigationScreen.swift */ = {isa = PBXFileReference; lastKnownFileType = sourcecode.swift; path = TAMapNavigationScreen.swift; sourceTree = "<group>"; };
		9E0F14C52B61CF4C35095F75 /* Pods-TaxiAggregator-iOS.release.xcconfig */ = {isa = PBXFileReference; includeInIndex = 1; lastKnownFileType = text.xcconfig; name = "Pods-TaxiAggregator-iOS.release.xcconfig"; path = "Target Support Files/Pods-TaxiAggregator-iOS/Pods-TaxiAggregator-iOS.release.xcconfig"; sourceTree = "<group>"; };
		E58A9E76673CFFFBC02C29CE /* Pods-TaxiAggregator-iOS.debug.xcconfig */ = {isa = PBXFileReference; includeInIndex = 1; lastKnownFileType = text.xcconfig; name = "Pods-TaxiAggregator-iOS.debug.xcconfig"; path = "Target Support Files/Pods-TaxiAggregator-iOS/Pods-TaxiAggregator-iOS.debug.xcconfig"; sourceTree = "<group>"; };
		FAAC8EDC2D0262BFED911AD7 /* Pods_TaxiAggregator_iOS.framework */ = {isa = PBXFileReference; explicitFileType = wrapper.framework; includeInIndex = 0; path = Pods_TaxiAggregator_iOS.framework; sourceTree = BUILT_PRODUCTS_DIR; };
/* End PBXFileReference section */

/* Begin PBXFrameworksBuildPhase section */
		202EDA2F236CD73100A1419D /* Frameworks */ = {
			isa = PBXFrameworksBuildPhase;
			buildActionMask = 2147483647;
			files = (
				ACB0B621FEE4A6B0C2C1A0C5 /* Pods_TaxiAggregator_iOS.framework in Frameworks */,
			);
			runOnlyForDeploymentPostprocessing = 0;
		};
/* End PBXFrameworksBuildPhase section */

/* Begin PBXGroup section */
		200AEA862371E9D000624F53 /* DataLayer */ = {
			isa = PBXGroup;
			children = (
				200AEA872371E9D000624F53 /* TAUserSessionDataStore.swift */,
				200AEA882371E9D000624F53 /* TADatabaseSessionDataStore.swift */,
				200AEA892371E9D000624F53 /* TAAuthRemoteAPI.swift */,
				200AEA8A2371E9D000624F53 /* TAUserSessionCoding.swift */,
				200AEA8B2371E9D000624F53 /* TAAppUserSessionRepository.swift */,
			);
			path = DataLayer;
			sourceTree = "<group>";
		};
		200AEA912371FCC000624F53 /* Resources */ = {
			isa = PBXGroup;
			children = (
				20ED9CFE236F49A800ED3FBB /* Fonts */,
				202EDA43236CD73300A1419D /* Info.plist */,
				202EDA3E236CD73300A1419D /* Assets.xcassets */,
			);
			path = Resources;
			sourceTree = "<group>";
		};
		202EDA29236CD73100A1419D = {
			isa = PBXGroup;
			children = (
				202EDA34236CD73100A1419D /* TaxiAggregator-iOS */,
				202EDA33236CD73100A1419D /* Products */,
				88CD5F27E592BC6558233864 /* Pods */,
				FDAD88DE6590E05ECA27BA7D /* Frameworks */,
			);
			sourceTree = "<group>";
		};
		202EDA33236CD73100A1419D /* Products */ = {
			isa = PBXGroup;
			children = (
				202EDA32236CD73100A1419D /* Taxicos.app */,
			);
			name = Products;
			sourceTree = "<group>";
		};
		202EDA34236CD73100A1419D /* TaxiAggregator-iOS */ = {
			isa = PBXGroup;
			children = (
				20C8AAA2236DC2E8005E6590 /* Sources */,
				200AEA912371FCC000624F53 /* Resources */,
			);
			path = "TaxiAggregator-iOS";
			sourceTree = "<group>";
		};
		20C8AAA2236DC2E8005E6590 /* Sources */ = {
			isa = PBXGroup;
			children = (
				202EDA40236CD73300A1419D /* LaunchScreen.storyboard */,
				202EDA35236CD73100A1419D /* AppDelegate.swift */,
				20DC11C22370BC04004F323E /* Logger.swift */,
				9797E7B52371AF6C008AC393 /* TAConfig.swift */,
				20C8AACA236EAA9C005E6590 /* TaxicosUIKit */,
				20C8AAA5236DE139005E6590 /* Screens */,
				200AEA862371E9D000624F53 /* DataLayer */,
				97A551D22370868700960890 /* Extensions */,
			);
			path = Sources;
			sourceTree = "<group>";
		};
		20C8AAA5236DE139005E6590 /* Screens */ = {
			isa = PBXGroup;
			children = (
				20C8AAA3236DE07A005E6590 /* TAAppDependencyContainer.swift */,
				20C8AAAF236DE468005E6590 /* LeftMenu */,
				20C8AAAD236DE452005E6590 /* Map */,
				20C8AAC0236DFF91005E6590 /* Launch */,
				20C8AAC5236E0160005E6590 /* Onboarding */,
			);
			path = Screens;
			sourceTree = "<group>";
		};
		20C8AAAD236DE452005E6590 /* Map */ = {
			isa = PBXGroup;
			children = (
				97A551DA23708F8500960890 /* TAMapNavigationScreen.swift */,
				97A33C482370391E00C06500 /* TAPickupDropoffNavigationBar.swift */,
				20587B59236EAF2A00E661E9 /* TAMapRootView.swift */,
				20C8AAA6236DE17A005E6590 /* TAMapViewController.swift */,
				20C8AAA8236DE1D3005E6590 /* TAMapViewModel.swift */,
			);
			path = Map;
			sourceTree = "<group>";
		};
		20C8AAAF236DE468005E6590 /* LeftMenu */ = {
			isa = PBXGroup;
			children = (
				20ED9CFD236F261E00ED3FBB /* List */,
				20587B5B236EAF3D00E661E9 /* TALeftMenuRootView.swift */,
				20C8AAB0236DE480005E6590 /* TALeftMenuViewController.swift */,
				20C8AAB4236DE4E6005E6590 /* TALeftMenuViewModel.swift */,
				200AEA922371FD6A00624F53 /* TALeftMenuNavigationScreen.swift */,
			);
			path = LeftMenu;
			sourceTree = "<group>";
		};
		20C8AAC0236DFF91005E6590 /* Launch */ = {
			isa = PBXGroup;
			children = (
				20587B57236EAF1500E661E9 /* TALaunchRootView.swift */,
				20C8AAC1236DFFAD005E6590 /* TALaunchViewController.swift */,
				20C8AAC3236DFFB5005E6590 /* TALaunchViewModel.swift */,
			);
			path = Launch;
			sourceTree = "<group>";
		};
		20C8AAC5236E0160005E6590 /* Onboarding */ = {
			isa = PBXGroup;
			children = (
				20587B55236EAEE000E661E9 /* TAOnboardingRootView.swift */,
				20C8AAC6236E0183005E6590 /* TAOnboardingViewController.swift */,
				20C8AAC8236E018B005E6590 /* TAOnboardingViewModel.swift */,
			);
			path = Onboarding;
			sourceTree = "<group>";
		};
		20C8AACA236EAA9C005E6590 /* TaxicosUIKit */ = {
			isa = PBXGroup;
			children = (
				9797E7AA23718DE1008AC393 /* Theme */,
				97A551D823708ECA00960890 /* TANavigationAction.swift */,
				20C8AACB236EAAAC005E6590 /* TABaseView.swift */,
				20C8AAB2236DE49E005E6590 /* TABaseViewController.swift */,
				200AEA802371DA8B00624F53 /* TABaseTableViewCell.swift */,
			);
			path = TaxicosUIKit;
			sourceTree = "<group>";
		};
		20DC11C82370BC86004F323E /* UIKit */ = {
			isa = PBXGroup;
			children = (
				97A551D32370869500960890 /* UIControl+Ext.swift */,
				20DC11C92370BC86004F323E /* UIApplication+Ext.swift */,
				20DC11CA2370BC86004F323E /* UIFont+Ext.swift */,
				20DC11D12370BC86004F323E /* UIStackView+Ext.swift */,
				20DC11CF2370BC86004F323E /* UICollectionView+Ext.swift */,
				20DC11D42370BC86004F323E /* UITableView+Ext.swift */,
			);
			path = UIKit;
			sourceTree = "<group>";
		};
		20DC11E12370BC92004F323E /* Foundation */ = {
			isa = PBXGroup;
			children = (
				20DC11C42370BC42004F323E /* Date+Ext.swift */,
				20DC11C62370BC63004F323E /* String+Extension.swift */,
			);
			path = Foundation;
			sourceTree = "<group>";
		};
		20ED9CFD236F261E00ED3FBB /* List */ = {
			isa = PBXGroup;
			children = (
				20587B5F236EF1FA00E661E9 /* TAMenuItemType.swift */,
				20587B5D236EF1E200E661E9 /* TALeftSideMenuCell.swift */,
			);
			path = List;
			sourceTree = "<group>";
		};
		20ED9CFE236F49A800ED3FBB /* Fonts */ = {
			isa = PBXGroup;
			children = (
				20ED9CFF236F49B700ED3FBB /* Rubik-Regular.ttf */,
			);
			path = Fonts;
			sourceTree = "<group>";
		};
		88CD5F27E592BC6558233864 /* Pods */ = {
			isa = PBXGroup;
			children = (
				E58A9E76673CFFFBC02C29CE /* Pods-TaxiAggregator-iOS.debug.xcconfig */,
				9E0F14C52B61CF4C35095F75 /* Pods-TaxiAggregator-iOS.release.xcconfig */,
			);
			path = Pods;
			sourceTree = "<group>";
		};
		9797E7AA23718DE1008AC393 /* Theme */ = {
			isa = PBXGroup;
			children = (
				9797E7AB23718E1A008AC393 /* TAThemeable.swift */,
				9797E7AD23718E3D008AC393 /* TATheme.swift */,
				9797E7AF23718F8C008AC393 /* TAColorsPalette.swift */,
				9797E7B123718FE4008AC393 /* TAThemeProvider.swift */,
				9797E7B323719257008AC393 /* TALegacyThemeProvider.swift */,
			);
			path = Theme;
			sourceTree = "<group>";
		};
		97A551D22370868700960890 /* Extensions */ = {
			isa = PBXGroup;
			children = (
				20DC11E12370BC92004F323E /* Foundation */,
				20DC11C82370BC86004F323E /* UIKit */,
			);
			path = Extensions;
			sourceTree = "<group>";
		};
		FDAD88DE6590E05ECA27BA7D /* Frameworks */ = {
			isa = PBXGroup;
			children = (
				FAAC8EDC2D0262BFED911AD7 /* Pods_TaxiAggregator_iOS.framework */,
			);
			name = Frameworks;
			sourceTree = "<group>";
		};
/* End PBXGroup section */

/* Begin PBXNativeTarget section */
		202EDA31236CD73100A1419D /* TaxiAggregator-iOS */ = {
			isa = PBXNativeTarget;
			buildConfigurationList = 202EDA46236CD73300A1419D /* Build configuration list for PBXNativeTarget "TaxiAggregator-iOS" */;
			buildPhases = (
				45F595227570151CB1718F71 /* [CP] Check Pods Manifest.lock */,
				202EDA2E236CD73100A1419D /* Sources */,
				202EDA2F236CD73100A1419D /* Frameworks */,
				202EDA30236CD73100A1419D /* Resources */,
				D6932295C86FD9572FF5D2D5 /* [CP] Embed Pods Frameworks */,
				13879F465AF556AB00CBA920 /* [CP] Copy Pods Resources */,
			);
			buildRules = (
			);
			dependencies = (
			);
			name = "TaxiAggregator-iOS";
			productName = "TaxiAggregator-iOS";
			productReference = 202EDA32236CD73100A1419D /* Taxicos.app */;
			productType = "com.apple.product-type.application";
		};
/* End PBXNativeTarget section */

/* Begin PBXProject section */
		202EDA2A236CD73100A1419D /* Project object */ = {
			isa = PBXProject;
			attributes = {
				LastSwiftUpdateCheck = 1110;
				LastUpgradeCheck = 1110;
				ORGANIZATIONNAME = Vinso;
				TargetAttributes = {
					202EDA31236CD73100A1419D = {
						CreatedOnToolsVersion = 11.1;
					};
				};
			};
			buildConfigurationList = 202EDA2D236CD73100A1419D /* Build configuration list for PBXProject "TaxiAggregator-iOS" */;
			compatibilityVersion = "Xcode 9.3";
			developmentRegion = en;
			hasScannedForEncodings = 0;
			knownRegions = (
				en,
				Base,
			);
			mainGroup = 202EDA29236CD73100A1419D;
			productRefGroup = 202EDA33236CD73100A1419D /* Products */;
			projectDirPath = "";
			projectRoot = "";
			targets = (
				202EDA31236CD73100A1419D /* TaxiAggregator-iOS */,
			);
		};
/* End PBXProject section */

/* Begin PBXResourcesBuildPhase section */
		202EDA30236CD73100A1419D /* Resources */ = {
			isa = PBXResourcesBuildPhase;
			buildActionMask = 2147483647;
			files = (
				202EDA42236CD73300A1419D /* LaunchScreen.storyboard in Resources */,
				20ED9D00236F49B800ED3FBB /* Rubik-Regular.ttf in Resources */,
				202EDA3F236CD73300A1419D /* Assets.xcassets in Resources */,
			);
			runOnlyForDeploymentPostprocessing = 0;
		};
/* End PBXResourcesBuildPhase section */

/* Begin PBXShellScriptBuildPhase section */
		13879F465AF556AB00CBA920 /* [CP] Copy Pods Resources */ = {
			isa = PBXShellScriptBuildPhase;
			buildActionMask = 2147483647;
			files = (
			);
			inputFileListPaths = (
				"${PODS_ROOT}/Target Support Files/Pods-TaxiAggregator-iOS/Pods-TaxiAggregator-iOS-resources-${CONFIGURATION}-input-files.xcfilelist",
			);
			name = "[CP] Copy Pods Resources";
			outputFileListPaths = (
				"${PODS_ROOT}/Target Support Files/Pods-TaxiAggregator-iOS/Pods-TaxiAggregator-iOS-resources-${CONFIGURATION}-output-files.xcfilelist",
			);
			runOnlyForDeploymentPostprocessing = 0;
			shellPath = /bin/sh;
			shellScript = "\"${PODS_ROOT}/Target Support Files/Pods-TaxiAggregator-iOS/Pods-TaxiAggregator-iOS-resources.sh\"\n";
			showEnvVarsInLog = 0;
		};
		45F595227570151CB1718F71 /* [CP] Check Pods Manifest.lock */ = {
			isa = PBXShellScriptBuildPhase;
			buildActionMask = 2147483647;
			files = (
			);
			inputFileListPaths = (
			);
			inputPaths = (
				"${PODS_PODFILE_DIR_PATH}/Podfile.lock",
				"${PODS_ROOT}/Manifest.lock",
			);
			name = "[CP] Check Pods Manifest.lock";
			outputFileListPaths = (
			);
			outputPaths = (
				"$(DERIVED_FILE_DIR)/Pods-TaxiAggregator-iOS-checkManifestLockResult.txt",
			);
			runOnlyForDeploymentPostprocessing = 0;
			shellPath = /bin/sh;
			shellScript = "diff \"${PODS_PODFILE_DIR_PATH}/Podfile.lock\" \"${PODS_ROOT}/Manifest.lock\" > /dev/null\nif [ $? != 0 ] ; then\n    # print error to STDERR\n    echo \"error: The sandbox is not in sync with the Podfile.lock. Run 'pod install' or update your CocoaPods installation.\" >&2\n    exit 1\nfi\n# This output is used by Xcode 'outputs' to avoid re-running this script phase.\necho \"SUCCESS\" > \"${SCRIPT_OUTPUT_FILE_0}\"\n";
			showEnvVarsInLog = 0;
		};
		D6932295C86FD9572FF5D2D5 /* [CP] Embed Pods Frameworks */ = {
			isa = PBXShellScriptBuildPhase;
			buildActionMask = 2147483647;
			files = (
			);
			inputFileListPaths = (
				"${PODS_ROOT}/Target Support Files/Pods-TaxiAggregator-iOS/Pods-TaxiAggregator-iOS-frameworks-${CONFIGURATION}-input-files.xcfilelist",
			);
			name = "[CP] Embed Pods Frameworks";
			outputFileListPaths = (
				"${PODS_ROOT}/Target Support Files/Pods-TaxiAggregator-iOS/Pods-TaxiAggregator-iOS-frameworks-${CONFIGURATION}-output-files.xcfilelist",
			);
			runOnlyForDeploymentPostprocessing = 0;
			shellPath = /bin/sh;
			shellScript = "\"${PODS_ROOT}/Target Support Files/Pods-TaxiAggregator-iOS/Pods-TaxiAggregator-iOS-frameworks.sh\"\n";
			showEnvVarsInLog = 0;
		};
/* End PBXShellScriptBuildPhase section */

/* Begin PBXSourcesBuildPhase section */
		202EDA2E236CD73100A1419D /* Sources */ = {
			isa = PBXSourcesBuildPhase;
			buildActionMask = 2147483647;
			files = (
				9797E7AC23718E1A008AC393 /* TAThemeable.swift in Sources */,
				20587B5E236EF1E200E661E9 /* TALeftSideMenuCell.swift in Sources */,
				97A551DB23708F8500960890 /* TAMapNavigationScreen.swift in Sources */,
				20587B5A236EAF2A00E661E9 /* TAMapRootView.swift in Sources */,
				20C8AAA9236DE1D3005E6590 /* TAMapViewModel.swift in Sources */,
				20C8AAC7236E0183005E6590 /* TAOnboardingViewController.swift in Sources */,
				20DC11C32370BC04004F323E /* Logger.swift in Sources */,
				9797E7AE23718E3D008AC393 /* TATheme.swift in Sources */,
				97A33C492370391E00C06500 /* TAPickupDropoffNavigationBar.swift in Sources */,
				97A551D42370869500960890 /* UIControl+Ext.swift in Sources */,
				9797E7B023718F8C008AC393 /* TAColorsPalette.swift in Sources */,
				200AEA8F2371E9D000624F53 /* TAUserSessionCoding.swift in Sources */,
				9797E7B62371AF6C008AC393 /* TAConfig.swift in Sources */,
				200AEA8C2371E9D000624F53 /* TAUserSessionDataStore.swift in Sources */,
				20587B56236EAEE000E661E9 /* TAOnboardingRootView.swift in Sources */,
				200AEA8D2371E9D000624F53 /* TADatabaseSessionDataStore.swift in Sources */,
				200AEA812371DA8B00624F53 /* TABaseTableViewCell.swift in Sources */,
				20C8AAA7236DE17A005E6590 /* TAMapViewController.swift in Sources */,
				200AEA902371E9D000624F53 /* TAAppUserSessionRepository.swift in Sources */,
				20DC11D62370BC86004F323E /* UIFont+Ext.swift in Sources */,
				20C8AAB3236DE49E005E6590 /* TABaseViewController.swift in Sources */,
				20587B60236EF1FA00E661E9 /* TAMenuItemType.swift in Sources */,
				20DC11C52370BC42004F323E /* Date+Ext.swift in Sources */,
				20DC11E02370BC86004F323E /* UITableView+Ext.swift in Sources */,
				20C8AAC2236DFFAD005E6590 /* TALaunchViewController.swift in Sources */,
				20C8AAC4236DFFB5005E6590 /* TALaunchViewModel.swift in Sources */,
				20C8AAB1236DE480005E6590 /* TALeftMenuViewController.swift in Sources */,
				20587B58236EAF1500E661E9 /* TALaunchRootView.swift in Sources */,
				20C8AAA4236DE07A005E6590 /* TAAppDependencyContainer.swift in Sources */,
				97A551D923708ECA00960890 /* TANavigationAction.swift in Sources */,
				20C8AACC236EAAAC005E6590 /* TABaseView.swift in Sources */,
				200AEA8E2371E9D000624F53 /* TAAuthRemoteAPI.swift in Sources */,
				9797E7B423719257008AC393 /* TALegacyThemeProvider.swift in Sources */,
				20C8AAC9236E018B005E6590 /* TAOnboardingViewModel.swift in Sources */,
				200AEA932371FD6A00624F53 /* TALeftMenuNavigationScreen.swift in Sources */,
				202EDA36236CD73100A1419D /* AppDelegate.swift in Sources */,
				20DC11D52370BC86004F323E /* UIApplication+Ext.swift in Sources */,
				20DC11DB2370BC86004F323E /* UICollectionView+Ext.swift in Sources */,
				20C8AAB5236DE4E6005E6590 /* TALeftMenuViewModel.swift in Sources */,
				20DC11DD2370BC86004F323E /* UIStackView+Ext.swift in Sources */,
				9797E7B223718FE4008AC393 /* TAThemeProvider.swift in Sources */,
				20DC11C72370BC63004F323E /* String+Extension.swift in Sources */,
				20587B5C236EAF3D00E661E9 /* TALeftMenuRootView.swift in Sources */,
			);
			runOnlyForDeploymentPostprocessing = 0;
		};
/* End PBXSourcesBuildPhase section */

/* Begin PBXVariantGroup section */
		202EDA40236CD73300A1419D /* LaunchScreen.storyboard */ = {
			isa = PBXVariantGroup;
			children = (
				202EDA41236CD73300A1419D /* Base */,
			);
			name = LaunchScreen.storyboard;
			sourceTree = "<group>";
		};
/* End PBXVariantGroup section */

/* Begin XCBuildConfiguration section */
		202EDA44236CD73300A1419D /* Debug */ = {
			isa = XCBuildConfiguration;
			buildSettings = {
				ALWAYS_SEARCH_USER_PATHS = NO;
				CLANG_ANALYZER_NONNULL = YES;
				CLANG_ANALYZER_NUMBER_OBJECT_CONVERSION = YES_AGGRESSIVE;
				CLANG_CXX_LANGUAGE_STANDARD = "gnu++14";
				CLANG_CXX_LIBRARY = "libc++";
				CLANG_ENABLE_MODULES = YES;
				CLANG_ENABLE_OBJC_ARC = YES;
				CLANG_ENABLE_OBJC_WEAK = YES;
				CLANG_WARN_BLOCK_CAPTURE_AUTORELEASING = YES;
				CLANG_WARN_BOOL_CONVERSION = YES;
				CLANG_WARN_COMMA = YES;
				CLANG_WARN_CONSTANT_CONVERSION = YES;
				CLANG_WARN_DEPRECATED_OBJC_IMPLEMENTATIONS = YES;
				CLANG_WARN_DIRECT_OBJC_ISA_USAGE = YES_ERROR;
				CLANG_WARN_DOCUMENTATION_COMMENTS = YES;
				CLANG_WARN_EMPTY_BODY = YES;
				CLANG_WARN_ENUM_CONVERSION = YES;
				CLANG_WARN_INFINITE_RECURSION = YES;
				CLANG_WARN_INT_CONVERSION = YES;
				CLANG_WARN_NON_LITERAL_NULL_CONVERSION = YES;
				CLANG_WARN_OBJC_IMPLICIT_RETAIN_SELF = YES;
				CLANG_WARN_OBJC_LITERAL_CONVERSION = YES;
				CLANG_WARN_OBJC_ROOT_CLASS = YES_ERROR;
				CLANG_WARN_RANGE_LOOP_ANALYSIS = YES;
				CLANG_WARN_STRICT_PROTOTYPES = YES;
				CLANG_WARN_SUSPICIOUS_MOVE = YES;
				CLANG_WARN_UNGUARDED_AVAILABILITY = YES_AGGRESSIVE;
				CLANG_WARN_UNREACHABLE_CODE = YES;
				CLANG_WARN__DUPLICATE_METHOD_MATCH = YES;
				COPY_PHASE_STRIP = NO;
				DEBUG_INFORMATION_FORMAT = dwarf;
				ENABLE_STRICT_OBJC_MSGSEND = YES;
				ENABLE_TESTABILITY = YES;
				GCC_C_LANGUAGE_STANDARD = gnu11;
				GCC_DYNAMIC_NO_PIC = NO;
				GCC_NO_COMMON_BLOCKS = YES;
				GCC_OPTIMIZATION_LEVEL = 0;
				GCC_PREPROCESSOR_DEFINITIONS = (
					"DEBUG=1",
					"$(inherited)",
				);
				GCC_WARN_64_TO_32_BIT_CONVERSION = YES;
				GCC_WARN_ABOUT_RETURN_TYPE = YES_ERROR;
				GCC_WARN_UNDECLARED_SELECTOR = YES;
				GCC_WARN_UNINITIALIZED_AUTOS = YES_AGGRESSIVE;
				GCC_WARN_UNUSED_FUNCTION = YES;
				GCC_WARN_UNUSED_VARIABLE = YES;
				IPHONEOS_DEPLOYMENT_TARGET = 11.0;
				MTL_ENABLE_DEBUG_INFO = INCLUDE_SOURCE;
				MTL_FAST_MATH = YES;
				ONLY_ACTIVE_ARCH = YES;
				SDKROOT = iphoneos;
				SWIFT_ACTIVE_COMPILATION_CONDITIONS = DEBUG;
				SWIFT_OPTIMIZATION_LEVEL = "-Onone";
			};
			name = Debug;
		};
		202EDA45236CD73300A1419D /* Release */ = {
			isa = XCBuildConfiguration;
			buildSettings = {
				ALWAYS_SEARCH_USER_PATHS = NO;
				CLANG_ANALYZER_NONNULL = YES;
				CLANG_ANALYZER_NUMBER_OBJECT_CONVERSION = YES_AGGRESSIVE;
				CLANG_CXX_LANGUAGE_STANDARD = "gnu++14";
				CLANG_CXX_LIBRARY = "libc++";
				CLANG_ENABLE_MODULES = YES;
				CLANG_ENABLE_OBJC_ARC = YES;
				CLANG_ENABLE_OBJC_WEAK = YES;
				CLANG_WARN_BLOCK_CAPTURE_AUTORELEASING = YES;
				CLANG_WARN_BOOL_CONVERSION = YES;
				CLANG_WARN_COMMA = YES;
				CLANG_WARN_CONSTANT_CONVERSION = YES;
				CLANG_WARN_DEPRECATED_OBJC_IMPLEMENTATIONS = YES;
				CLANG_WARN_DIRECT_OBJC_ISA_USAGE = YES_ERROR;
				CLANG_WARN_DOCUMENTATION_COMMENTS = YES;
				CLANG_WARN_EMPTY_BODY = YES;
				CLANG_WARN_ENUM_CONVERSION = YES;
				CLANG_WARN_INFINITE_RECURSION = YES;
				CLANG_WARN_INT_CONVERSION = YES;
				CLANG_WARN_NON_LITERAL_NULL_CONVERSION = YES;
				CLANG_WARN_OBJC_IMPLICIT_RETAIN_SELF = YES;
				CLANG_WARN_OBJC_LITERAL_CONVERSION = YES;
				CLANG_WARN_OBJC_ROOT_CLASS = YES_ERROR;
				CLANG_WARN_RANGE_LOOP_ANALYSIS = YES;
				CLANG_WARN_STRICT_PROTOTYPES = YES;
				CLANG_WARN_SUSPICIOUS_MOVE = YES;
				CLANG_WARN_UNGUARDED_AVAILABILITY = YES_AGGRESSIVE;
				CLANG_WARN_UNREACHABLE_CODE = YES;
				CLANG_WARN__DUPLICATE_METHOD_MATCH = YES;
				COPY_PHASE_STRIP = NO;
				DEBUG_INFORMATION_FORMAT = "dwarf-with-dsym";
				ENABLE_NS_ASSERTIONS = NO;
				ENABLE_STRICT_OBJC_MSGSEND = YES;
				GCC_C_LANGUAGE_STANDARD = gnu11;
				GCC_NO_COMMON_BLOCKS = YES;
				GCC_WARN_64_TO_32_BIT_CONVERSION = YES;
				GCC_WARN_ABOUT_RETURN_TYPE = YES_ERROR;
				GCC_WARN_UNDECLARED_SELECTOR = YES;
				GCC_WARN_UNINITIALIZED_AUTOS = YES_AGGRESSIVE;
				GCC_WARN_UNUSED_FUNCTION = YES;
				GCC_WARN_UNUSED_VARIABLE = YES;
				IPHONEOS_DEPLOYMENT_TARGET = 11.0;
				MTL_ENABLE_DEBUG_INFO = NO;
				MTL_FAST_MATH = YES;
				SDKROOT = iphoneos;
				SWIFT_COMPILATION_MODE = wholemodule;
				SWIFT_OPTIMIZATION_LEVEL = "-O";
				VALIDATE_PRODUCT = YES;
			};
			name = Release;
		};
		202EDA47236CD73300A1419D /* Debug */ = {
			isa = XCBuildConfiguration;
			baseConfigurationReference = E58A9E76673CFFFBC02C29CE /* Pods-TaxiAggregator-iOS.debug.xcconfig */;
			buildSettings = {
				ASSETCATALOG_COMPILER_APPICON_NAME = AppIcon;
				CODE_SIGN_STYLE = Manual;
				DEVELOPMENT_TEAM = "";
				INFOPLIST_FILE = "TaxiAggregator-iOS/Resources/Info.plist";
				IPHONEOS_DEPLOYMENT_TARGET = 11.0;
				LD_RUNPATH_SEARCH_PATHS = (
					"$(inherited)",
					"@executable_path/Frameworks",
				);
				PRODUCT_BUNDLE_IDENTIFIER = "com.vinso.TaxiAggregator-iOS";
				PRODUCT_NAME = Taxicos;
				PROVISIONING_PROFILE_SPECIFIER = "";
				SWIFT_VERSION = 5.0;
				TARGETED_DEVICE_FAMILY = 1;
			};
			name = Debug;
		};
		202EDA48236CD73300A1419D /* Release */ = {
			isa = XCBuildConfiguration;
			baseConfigurationReference = 9E0F14C52B61CF4C35095F75 /* Pods-TaxiAggregator-iOS.release.xcconfig */;
			buildSettings = {
				ASSETCATALOG_COMPILER_APPICON_NAME = AppIcon;
				CODE_SIGN_STYLE = Manual;
				DEVELOPMENT_TEAM = "";
				INFOPLIST_FILE = "TaxiAggregator-iOS/Resources/Info.plist";
				IPHONEOS_DEPLOYMENT_TARGET = 11.0;
				LD_RUNPATH_SEARCH_PATHS = (
					"$(inherited)",
					"@executable_path/Frameworks",
				);
				PRODUCT_BUNDLE_IDENTIFIER = "com.vinso.TaxiAggregator-iOS";
				PRODUCT_NAME = Taxicos;
				PROVISIONING_PROFILE_SPECIFIER = "";
				SWIFT_VERSION = 5.0;
				TARGETED_DEVICE_FAMILY = 1;
			};
			name = Release;
		};
/* End XCBuildConfiguration section */

/* Begin XCConfigurationList section */
		202EDA2D236CD73100A1419D /* Build configuration list for PBXProject "TaxiAggregator-iOS" */ = {
			isa = XCConfigurationList;
			buildConfigurations = (
				202EDA44236CD73300A1419D /* Debug */,
				202EDA45236CD73300A1419D /* Release */,
			);
			defaultConfigurationIsVisible = 0;
			defaultConfigurationName = Release;
		};
		202EDA46236CD73300A1419D /* Build configuration list for PBXNativeTarget "TaxiAggregator-iOS" */ = {
			isa = XCConfigurationList;
			buildConfigurations = (
				202EDA47236CD73300A1419D /* Debug */,
				202EDA48236CD73300A1419D /* Release */,
			);
			defaultConfigurationIsVisible = 0;
			defaultConfigurationName = Release;
		};
/* End XCConfigurationList section */
	};
	rootObject = 202EDA2A236CD73100A1419D /* Project object */;
}
